
Microsoft Visual Studio Solution File, Format Version 12.00
# Visual Studio Version 17
VisualStudioVersion = 17.4.33205.214
MinimumVisualStudioVersion = 10.0.40219.1
Project("{9A19103F-16F7-4668-BE54-9A1E7A4F7556}") = "MPay.API", "src\MPay.API\MPay.API.csproj", "{9E682A14-A2F6-4FD8-9147-956EB4942AC9}"
EndProject
Project("{9A19103F-16F7-4668-BE54-9A1E7A4F7556}") = "MPay.Core", "src\MPay.Core\MPay.Core.csproj", "{66F09444-64E2-4371-91F2-6884D1B4779B}"
EndProject
Project("{9A19103F-16F7-4668-BE54-9A1E7A4F7556}") = "MPay.Infrastructure", "src\MPay.Infrastructure\MPay.Infrastructure.csproj", "{D456F94B-ABE3-4A93-B5B9-9F9FFBBAF7DB}"
EndProject
Project("{FAE04EC0-301F-11D3-BF4B-00C04F79EFBC}") = "MPay.Abstractions", "src\MPay.Abstractions\MPay.Abstractions.csproj", "{C2B61FD6-B982-479C-99EF-47A97ADB5A9C}"
EndProject
Project("{2150E333-8FDC-42A3-9474-1A3956D46DE8}") = "src", "src", "{AB699E02-947A-461D-89DC-6A58A6087BA5}"
EndProject
Project("{2150E333-8FDC-42A3-9474-1A3956D46DE8}") = "tests", "tests", "{F1BBE044-1A64-4ADB-A1FC-997FF8A956F3}"
EndProject
Project("{FAE04EC0-301F-11D3-BF4B-00C04F79EFBC}") = "MPay.Core.Tests", "tests\MPay.Core.Tests\MPay.Core.Tests.csproj", "{9DC985AE-9291-47FB-97D8-AF3FFEF2DC5C}"
EndProject
Project("{FAE04EC0-301F-11D3-BF4B-00C04F79EFBC}") = "MPay.Tests.Shared", "tests\MPay.Tests.Shared\MPay.Tests.Shared.csproj", "{07DD5007-0065-4DCD-A94C-D94C75931819}"
EndProject
Project("{FAE04EC0-301F-11D3-BF4B-00C04F79EFBC}") = "MPay.Infrastructure.Tests", "tests\MPay.Infrastructure.Tests\MPay.Infrastructure.Tests.csproj", "{910EF9FD-33F8-4F14-9599-0F7771D44728}"
EndProject
Global
	GlobalSection(SolutionConfigurationPlatforms) = preSolution
		Debug|Any CPU = Debug|Any CPU
		Release|Any CPU = Release|Any CPU
	EndGlobalSection
	GlobalSection(ProjectConfigurationPlatforms) = postSolution
		{9E682A14-A2F6-4FD8-9147-956EB4942AC9}.Debug|Any CPU.ActiveCfg = Debug|Any CPU
		{9E682A14-A2F6-4FD8-9147-956EB4942AC9}.Debug|Any CPU.Build.0 = Debug|Any CPU
		{9E682A14-A2F6-4FD8-9147-956EB4942AC9}.Release|Any CPU.ActiveCfg = Release|Any CPU
		{9E682A14-A2F6-4FD8-9147-956EB4942AC9}.Release|Any CPU.Build.0 = Release|Any CPU
		{66F09444-64E2-4371-91F2-6884D1B4779B}.Debug|Any CPU.ActiveCfg = Debug|Any CPU
		{66F09444-64E2-4371-91F2-6884D1B4779B}.Debug|Any CPU.Build.0 = Debug|Any CPU
		{66F09444-64E2-4371-91F2-6884D1B4779B}.Release|Any CPU.ActiveCfg = Release|Any CPU
		{66F09444-64E2-4371-91F2-6884D1B4779B}.Release|Any CPU.Build.0 = Release|Any CPU
		{D456F94B-ABE3-4A93-B5B9-9F9FFBBAF7DB}.Debug|Any CPU.ActiveCfg = Debug|Any CPU
		{D456F94B-ABE3-4A93-B5B9-9F9FFBBAF7DB}.Debug|Any CPU.Build.0 = Debug|Any CPU
		{D456F94B-ABE3-4A93-B5B9-9F9FFBBAF7DB}.Release|Any CPU.ActiveCfg = Release|Any CPU
		{D456F94B-ABE3-4A93-B5B9-9F9FFBBAF7DB}.Release|Any CPU.Build.0 = Release|Any CPU
		{C2B61FD6-B982-479C-99EF-47A97ADB5A9C}.Debug|Any CPU.ActiveCfg = Debug|Any CPU
		{C2B61FD6-B982-479C-99EF-47A97ADB5A9C}.Debug|Any CPU.Build.0 = Debug|Any CPU
		{C2B61FD6-B982-479C-99EF-47A97ADB5A9C}.Release|Any CPU.ActiveCfg = Release|Any CPU
		{C2B61FD6-B982-479C-99EF-47A97ADB5A9C}.Release|Any CPU.Build.0 = Release|Any CPU
		{9DC985AE-9291-47FB-97D8-AF3FFEF2DC5C}.Debug|Any CPU.ActiveCfg = Debug|Any CPU
		{9DC985AE-9291-47FB-97D8-AF3FFEF2DC5C}.Debug|Any CPU.Build.0 = Debug|Any CPU
		{9DC985AE-9291-47FB-97D8-AF3FFEF2DC5C}.Release|Any CPU.ActiveCfg = Release|Any CPU
		{9DC985AE-9291-47FB-97D8-AF3FFEF2DC5C}.Release|Any CPU.Build.0 = Release|Any CPU
		{07DD5007-0065-4DCD-A94C-D94C75931819}.Debug|Any CPU.ActiveCfg = Debug|Any CPU
		{07DD5007-0065-4DCD-A94C-D94C75931819}.Debug|Any CPU.Build.0 = Debug|Any CPU
		{07DD5007-0065-4DCD-A94C-D94C75931819}.Release|Any CPU.ActiveCfg = Release|Any CPU
		{07DD5007-0065-4DCD-A94C-D94C75931819}.Release|Any CPU.Build.0 = Release|Any CPU
		{910EF9FD-33F8-4F14-9599-0F7771D44728}.Debug|Any CPU.ActiveCfg = Debug|Any CPU
		{910EF9FD-33F8-4F14-9599-0F7771D44728}.Debug|Any CPU.Build.0 = Debug|Any CPU
		{910EF9FD-33F8-4F14-9599-0F7771D44728}.Release|Any CPU.ActiveCfg = Release|Any CPU
		{910EF9FD-33F8-4F14-9599-0F7771D44728}.Release|Any CPU.Build.0 = Release|Any CPU
	EndGlobalSection
	GlobalSection(SolutionProperties) = preSolution
		HideSolutionNode = FALSE
	EndGlobalSection
	GlobalSection(NestedProjects) = preSolution
		{9E682A14-A2F6-4FD8-9147-956EB4942AC9} = {AB699E02-947A-461D-89DC-6A58A6087BA5}
		{66F09444-64E2-4371-91F2-6884D1B4779B} = {AB699E02-947A-461D-89DC-6A58A6087BA5}
		{D456F94B-ABE3-4A93-B5B9-9F9FFBBAF7DB} = {AB699E02-947A-461D-89DC-6A58A6087BA5}
		{C2B61FD6-B982-479C-99EF-47A97ADB5A9C} = {AB699E02-947A-461D-89DC-6A58A6087BA5}
		{9DC985AE-9291-47FB-97D8-AF3FFEF2DC5C} = {F1BBE044-1A64-4ADB-A1FC-997FF8A956F3}
		{07DD5007-0065-4DCD-A94C-D94C75931819} = {F1BBE044-1A64-4ADB-A1FC-997FF8A956F3}
		{910EF9FD-33F8-4F14-9599-0F7771D44728} = {F1BBE044-1A64-4ADB-A1FC-997FF8A956F3}
	EndGlobalSection
	GlobalSection(ExtensibilityGlobals) = postSolution
		SolutionGuid = {28E474BB-4128-45A7-B39C-106B08373EDD}
	EndGlobalSection
EndGlobal
